
Microsoft Visual Studio Solution File, Format Version 12.00
# Visual Studio Version 16
VisualStudioVersion = 16.0.29613.14
MinimumVisualStudioVersion = 10.0.40219.1
Project("{FAE04EC0-301F-11D3-BF4B-00C04F79EFBC}") = "OnlineShop", "OnlineShop\OnlineShop.csproj", "{C9620E3F-1201-48BB-BC4A-DEB8203A963D}"
EndProject
Project("{FAE04EC0-301F-11D3-BF4B-00C04F79EFBC}") = "Model", "Model\Model.csproj", "{22E10581-251C-440A-BC26-28B09EAF8773}"
EndProject
Global
	GlobalSection(SolutionConfigurationPlatforms) = preSolution
		Debug|Any CPU = Debug|Any CPU
		Release|Any CPU = Release|Any CPU
	EndGlobalSection
	GlobalSection(ProjectConfigurationPlatforms) = postSolution
		{C9620E3F-1201-48BB-BC4A-DEB8203A963D}.Debug|Any CPU.ActiveCfg = Debug|Any CPU
		{C9620E3F-1201-48BB-BC4A-DEB8203A963D}.Debug|Any CPU.Build.0 = Debug|Any CPU
		{C9620E3F-1201-48BB-BC4A-DEB8203A963D}.Release|Any CPU.ActiveCfg = Release|Any CPU
		{C9620E3F-1201-48BB-BC4A-DEB8203A963D}.Release|Any CPU.Build.0 = Release|Any CPU
		{22E10581-251C-440A-BC26-28B09EAF8773}.Debug|Any CPU.ActiveCfg = Debug|Any CPU
		{22E10581-251C-440A-BC26-28B09EAF8773}.Debug|Any CPU.Build.0 = Debug|Any CPU
		{22E10581-251C-440A-BC26-28B09EAF8773}.Release|Any CPU.ActiveCfg = Release|Any CPU
		{22E10581-251C-440A-BC26-28B09EAF8773}.Release|Any CPU.Build.0 = Release|Any CPU
	EndGlobalSection
	GlobalSection(SolutionProperties) = preSolution
		HideSolutionNode = FALSE
	EndGlobalSection
	GlobalSection(ExtensibilityGlobals) = postSolution
		SolutionGuid = {2F94494F-05BD-4903-89DD-5D01AC59B50F}
	EndGlobalSection
EndGlobal
